{
  "name": "node-nats-ws",
  "version": "1.0.0",
  "lockfileVersion": 1,
  "requires": true,
  "dependencies": {
    "google-protobuf": {
      "version": "3.11.3",
      "resolved": "https://registry.npmjs.org/google-protobuf/-/google-protobuf-3.11.3.tgz",
      "integrity": "sha512-Sp8E+0AJLxmiPwAk9VH3MkYAmYYheNUhywIyXOS7wvRkqbIYcHtGzJzIYicNqYsqgKmY35F9hxRkI+ZTqTB4Tg=="
    },
    "nats": {
      "version": "1.4.0",
      "resolved": "https://registry.npmjs.org/nats/-/nats-1.4.0.tgz",
      "integrity": "sha512-dsXZnBN6gFcgIcPLXF72LMaA8cC2edz8J01qRfR7uB4r77DJHaLGYwYsV47/KaUojuavk0agYwxkWbe2J5cGLQ==",
      "requires": {
        "nuid": "^1.0.0",
        "ts-nkeys": "^1.0.8"
      }
    },
    "node-nats-streaming": {
      "version": "0.2.6",
      "resolved": "https://registry.npmjs.org/node-nats-streaming/-/node-nats-streaming-0.2.6.tgz",
      "integrity": "sha512-UTS/tHextk+qdXl0fiSKFPU12eWsRkeRzbzo1zk6ZbXu/PnszKtnSwzxhVRYveU7VjDebYsAFpde1MjC5Y3Nvw==",
      "requires": {
        "google-protobuf": "^3.9.0",
        "nats": "^1.3.0",
        "nuid": "^1.1.0"
      }
    },
    "nuid": {
      "version": "1.1.0",
      "resolved": "https://registry.npmjs.org/nuid/-/nuid-1.1.0.tgz",
      "integrity": "sha512-C/JdZ6PtCqKsCEs4ni76nhBsdmuQgLAT/CTLNprkcLViDAnkk7qx5sSA8PVC2vmSsdBlSsFuGb52v6pwn1oaeg=="
    },
    "ts-nkeys": {
      "version": "1.0.14",
      "resolved": "https://registry.npmjs.org/ts-nkeys/-/ts-nkeys-1.0.14.tgz",
      "integrity": "sha512-WIPykDjpnOvVn5zDNv1uu6o1+Uj+CXaQOM4Od6k2SRiUF4rmhjk7nAHC0mGrWjj0GxeQnwKQv++65qtm1O6kiA==",
      "requires": {
        "tweetnacl": "^1.0.1"
      }
    },
    "tweetnacl": {
      "version": "1.0.2",
      "resolved": "https://registry.npmjs.org/tweetnacl/-/tweetnacl-1.0.2.tgz",
      "integrity": "sha512-+8aPRjmXgf1VqvyxSlBUzKzeYqVS9Ai8vZ28g+mL7dNQl1jlUTCMDZnvNQdAS1xTywMkIXwJsfipsR/6s2+syw=="
    },
    "uuid": {
      "version": "3.4.0",
      "resolved": "https://registry.npmjs.org/uuid/-/uuid-3.4.0.tgz",
      "integrity": "sha512-HjSDRw6gZE5JMggctHBcjVak08+KEVhSIiDzFnT9S9aegmp85S/bReBVTb4QTFaRNptJ9kuYaNhnbNEOkbKb/A=="
    },
    "uuidv4": {
      "version": "6.0.2",
      "resolved": "https://registry.npmjs.org/uuidv4/-/uuidv4-6.0.2.tgz",
      "integrity": "sha512-SHfZgAT2pz0TAXtclFMsTrT55U1/HTLg7xSZYDhX953sdcVIJ9lanIs8/BFSjxGmg4cEjc8P7HXPK7EPOD/nfA==",
      "requires": {
        "uuid": "3.4.0"
      }
    },
    "ws": {
      "version": "7.2.1",
      "resolved": "https://registry.npmjs.org/ws/-/ws-7.2.1.tgz",
      "integrity": "sha512-sucePNSafamSKoOqoNfBd8V0StlkzJKL2ZAhGQinCfNQ+oacw+Pk7lcdAElecBF2VkLNZRiIb5Oi1Q5lVUVt2A=="
    }
  }
}
